
Microsoft Visual Studio Solution File, Format Version 12.00
# Visual Studio Version 17
VisualStudioVersion = 17.7.34024.191
MinimumVisualStudioVersion = 10.0.40219.1
Project("{8BC9CEB8-8B4A-11D0-8D11-00A0C91BC942}") = "214", "214\214.vcxproj", "{0437F5D8-8AAE-4388-A38A-18A4DDB2FC89}"
EndProject
Global
	GlobalSection(SolutionConfigurationPlatforms) = preSolution
		Debug|x64 = Debug|x64
		Debug|x86 = Debug|x86
		Release|x64 = Release|x64
		Release|x86 = Release|x86
	EndGlobalSection
	GlobalSection(ProjectConfigurationPlatforms) = postSolution
		{0437F5D8-8AAE-4388-A38A-18A4DDB2FC89}.Debug|x64.ActiveCfg = Debug|x64
		{0437F5D8-8AAE-4388-A38A-18A4DDB2FC89}.Debug|x64.Build.0 = Debug|x64
		{0437F5D8-8AAE-4388-A38A-18A4DDB2FC89}.Debug|x86.ActiveCfg = Debug|Win32
		{0437F5D8-8AAE-4388-A38A-18A4DDB2FC89}.Debug|x86.Build.0 = Debug|Win32
		{0437F5D8-8AAE-4388-A38A-18A4DDB2FC89}.Release|x64.ActiveCfg = Release|x64
		{0437F5D8-8AAE-4388-A38A-18A4DDB2FC89}.Release|x64.Build.0 = Release|x64
		{0437F5D8-8AAE-4388-A38A-18A4DDB2FC89}.Release|x86.ActiveCfg = Release|Win32
		{0437F5D8-8AAE-4388-A38A-18A4DDB2FC89}.Release|x86.Build.0 = Release|Win32
	EndGlobalSection
	GlobalSection(SolutionProperties) = preSolution
		HideSolutionNode = FALSE
	EndGlobalSection
	GlobalSection(ExtensibilityGlobals) = postSolution
		SolutionGuid = {782E0F0C-ABEF-4B48-A61C-F5823084015C}
	EndGlobalSection
EndGlobal
